
Microsoft Visual Studio Solution File, Format Version 12.00
# Visual Studio Version 17
VisualStudioVersion = 17.9.34723.18
MinimumVisualStudioVersion = 10.0.40219.1
Project("{FAE04EC0-301F-11D3-BF4B-00C04F79EFBC}") = "ConcurrencyConsistency", "ConcurrencyConsistency\ConcurrencyConsistency.csproj", "{A890024D-E7F9-4DF7-83ED-F0964532933A}"
EndProject
Global
	GlobalSection(SolutionConfigurationPlatforms) = preSolution
		Debug|Any CPU = Debug|Any CPU
		Release|Any CPU = Release|Any CPU
	EndGlobalSection
	GlobalSection(ProjectConfigurationPlatforms) = postSolution
		{A890024D-E7F9-4DF7-83ED-F0964532933A}.Debug|Any CPU.ActiveCfg = Debug|Any CPU
		{A890024D-E7F9-4DF7-83ED-F0964532933A}.Debug|Any CPU.Build.0 = Debug|Any CPU
		{A890024D-E7F9-4DF7-83ED-F0964532933A}.Release|Any CPU.ActiveCfg = Release|Any CPU
		{A890024D-E7F9-4DF7-83ED-F0964532933A}.Release|Any CPU.Build.0 = Release|Any CPU
	EndGlobalSection
	GlobalSection(SolutionProperties) = preSolution
		HideSolutionNode = FALSE
	EndGlobalSection
	GlobalSection(ExtensibilityGlobals) = postSolution
		SolutionGuid = {69BD35CB-DA81-4288-963E-F6B2BDBC24F1}
	EndGlobalSection
EndGlobal
